// !$*UTF8*$!
{
	archiveVersion = 1;
	classes = {
	};
	objectVersion = 50;
	objects = {

/* Begin PBXBuildFile section */
		BF104B0E233318E200ED04DB /* main.m in Sources */ = {isa = PBXBuildFile; fileRef = BF104B0D233318E200ED04DB /* main.m */; };
		BF104B162333190F00ED04DB /* StockHolding.m in Sources */ = {isa = PBXBuildFile; fileRef = BF104B152333190F00ED04DB /* StockHolding.m */; };
		BF44C49B2335BFE600D48CC6 /* Portfolio.m in Sources */ = {isa = PBXBuildFile; fileRef = BF44C49A2335BFE600D48CC6 /* Portfolio.m */; };
		BFA03DA52334674F00D85D4F /* ForeignStockHolding.m in Sources */ = {isa = PBXBuildFile; fileRef = BFA03DA42334674F00D85D4F /* ForeignStockHolding.m */; };
/* End PBXBuildFile section */

/* Begin PBXCopyFilesBuildPhase section */
		BF104B08233318E200ED04DB /* CopyFiles */ = {
			isa = PBXCopyFilesBuildPhase;
			buildActionMask = 2147483647;
			dstPath = /usr/share/man/man1/;
			dstSubfolderSpec = 0;
			files = (
			);
			runOnlyForDeploymentPostprocessing = 1;
		};
/* End PBXCopyFilesBuildPhase section */

/* Begin PBXFileReference section */
		BF104B0A233318E200ED04DB /* Stocks */ = {isa = PBXFileReference; explicitFileType = "compiled.mach-o.executable"; includeInIndex = 0; path = Stocks; sourceTree = BUILT_PRODUCTS_DIR; };
		BF104B0D233318E200ED04DB /* main.m */ = {isa = PBXFileReference; lastKnownFileType = sourcecode.c.objc; path = main.m; sourceTree = "<group>"; };
		BF104B142333190F00ED04DB /* StockHolding.h */ = {isa = PBXFileReference; lastKnownFileType = sourcecode.c.h; path = StockHolding.h; sourceTree = "<group>"; };
		BF104B152333190F00ED04DB /* StockHolding.m */ = {isa = PBXFileReference; lastKnownFileType = sourcecode.c.objc; path = StockHolding.m; sourceTree = "<group>"; };
		BF44C4992335BFE600D48CC6 /* Portfolio.h */ = {isa = PBXFileReference; lastKnownFileType = sourcecode.c.h; path = Portfolio.h; sourceTree = "<group>"; };
		BF44C49A2335BFE600D48CC6 /* Portfolio.m */ = {isa = PBXFileReference; lastKnownFileType = sourcecode.c.objc; path = Portfolio.m; sourceTree = "<group>"; };
		BFA03DA32334674F00D85D4F /* ForeignStockHolding.h */ = {isa = PBXFileReference; lastKnownFileType = sourcecode.c.h; path = ForeignStockHolding.h; sourceTree = "<group>"; };
		BFA03DA42334674F00D85D4F /* ForeignStockHolding.m */ = {isa = PBXFileReference; lastKnownFileType = sourcecode.c.objc; path = ForeignStockHolding.m; sourceTree = "<group>"; };
/* End PBXFileReference section */

/* Begin PBXFrameworksBuildPhase section */
		BF104B07233318E200ED04DB /* Frameworks */ = {
			isa = PBXFrameworksBuildPhase;
			buildActionMask = 2147483647;
			files = (
			);
			runOnlyForDeploymentPostprocessing = 0;
		};
/* End PBXFrameworksBuildPhase section */

/* Begin PBXGroup section */
		BF104B01233318E200ED04DB = {
			isa = PBXGroup;
			children = (
				BF104B0C233318E200ED04DB /* Stocks */,
				BF104B0B233318E200ED04DB /* Products */,
			);
			sourceTree = "<group>";
		};
		BF104B0B233318E200ED04DB /* Products */ = {
			isa = PBXGroup;
			children = (
				BF104B0A233318E200ED04DB /* Stocks */,
			);
			name = Products;
			sourceTree = "<group>";
		};
		BF104B0C233318E200ED04DB /* Stocks */ = {
			isa = PBXGroup;
			children = (
				BF104B0D233318E200ED04DB /* main.m */,
				BF44C4992335BFE600D48CC6 /* Portfolio.h */,
				BF44C49A2335BFE600D48CC6 /* Portfolio.m */,
				BFA03DA32334674F00D85D4F /* ForeignStockHolding.h */,
				BFA03DA42334674F00D85D4F /* ForeignStockHolding.m */,
				BF104B142333190F00ED04DB /* StockHolding.h */,
				BF104B152333190F00ED04DB /* StockHolding.m */,
			);
			path = Stocks;
			sourceTree = "<group>";
		};
/* End PBXGroup section */

/* Begin PBXNativeTarget section */
		BF104B09233318E200ED04DB /* Stocks */ = {
			isa = PBXNativeTarget;
			buildConfigurationList = BF104B11233318E200ED04DB /* Build configuration list for PBXNativeTarget "Stocks" */;
			buildPhases = (
				BF104B06233318E200ED04DB /* Sources */,
				BF104B07233318E200ED04DB /* Frameworks */,
				BF104B08233318E200ED04DB /* CopyFiles */,
			);
			buildRules = (
			);
			dependencies = (
			);
			name = Stocks;
			productName = Stocks;
			productReference = BF104B0A233318E200ED04DB /* Stocks */;
			productType = "com.apple.product-type.tool";
		};
/* End PBXNativeTarget section */

/* Begin PBXProject section */
		BF104B02233318E200ED04DB /* Project object */ = {
			isa = PBXProject;
			attributes = {
				LastUpgradeCheck = 1030;
				ORGANIZATIONNAME = "Vincent Nigro";
				TargetAttributes = {
					BF104B09233318E200ED04DB = {
						CreatedOnToolsVersion = 10.3;
					};
				};
			};
			buildConfigurationList = BF104B05233318E200ED04DB /* Build configuration list for PBXProject "Stocks" */;
			compatibilityVersion = "Xcode 9.3";
			developmentRegion = en;
			hasScannedForEncodings = 0;
			knownRegions = (
				en,
			);
			mainGroup = BF104B01233318E200ED04DB;
			productRefGroup = BF104B0B233318E200ED04DB /* Products */;
			projectDirPath = "";
			projectRoot = "";
			targets = (
				BF104B09233318E200ED04DB /* Stocks */,
			);
		};
/* End PBXProject section */

/* Begin PBXSourcesBuildPhase section */
		BF104B06233318E200ED04DB /* Sources */ = {
			isa = PBXSourcesBuildPhase;
			buildActionMask = 2147483647;
			files = (
				BF44C49B2335BFE600D48CC6 /* Portfolio.m in Sources */,
				BFA03DA52334674F00D85D4F /* ForeignStockHolding.m in Sources */,
				BF104B162333190F00ED04DB /* StockHolding.m in Sources */,
				BF104B0E233318E200ED04DB /* main.m in Sources */,
			);
			runOnlyForDeploymentPostprocessing = 0;
		};
/* End PBXSourcesBuildPhase section */

/* Begin XCBuildConfiguration section */
		BF104B0F233318E200ED04DB /* Debug */ = {
			isa = XCBuildConfiguration;
			buildSettings = {
				ALWAYS_SEARCH_USER_PATHS = NO;
				CLANG_ANALYZER_NONNULL = YES;
				CLANG_ANALYZER_NUMBER_OBJECT_CONVERSION = YES_AGGRESSIVE;
				CLANG_CXX_LANGUAGE_STANDARD = "gnu++14";
				CLANG_CXX_LIBRARY = "libc++";
				CLANG_ENABLE_MODULES = YES;
				CLANG_ENABLE_OBJC_ARC = YES;
				CLANG_ENABLE_OBJC_WEAK = YES;
				CLANG_WARN_BLOCK_CAPTURE_AUTORELEASING = YES;
				CLANG_WARN_BOOL_CONVERSION = YES;
				CLANG_WARN_COMMA = YES;
				CLANG_WARN_CONSTANT_CONVERSION = YES;
				CLANG_WARN_DEPRECATED_OBJC_IMPLEMENTATIONS = YES;
				CLANG_WARN_DIRECT_OBJC_ISA_USAGE = YES_ERROR;
				CLANG_WARN_DOCUMENTATION_COMMENTS = YES;
				CLANG_WARN_EMPTY_BODY = YES;
				CLANG_WARN_ENUM_CONVERSION = YES;
				CLANG_WARN_INFINITE_RECURSION = YES;
				CLANG_WARN_INT_CONVERSION = YES;
				CLANG_WARN_NON_LITERAL_NULL_CONVERSION = YES;
				CLANG_WARN_OBJC_IMPLICIT_RETAIN_SELF = YES;
				CLANG_WARN_OBJC_LITERAL_CONVERSION = YES;
				CLANG_WARN_OBJC_ROOT_CLASS = YES_ERROR;
				CLANG_WARN_RANGE_LOOP_ANALYSIS = YES;
				CLANG_WARN_STRICT_PROTOTYPES = YES;
				CLANG_WARN_SUSPICIOUS_MOVE = YES;
				CLANG_WARN_UNGUARDED_AVAILABILITY = YES_AGGRESSIVE;
				CLANG_WARN_UNREACHABLE_CODE = YES;
				CLANG_WARN__DUPLICATE_METHOD_MATCH = YES;
				CODE_SIGN_IDENTITY = "-";
				COPY_PHASE_STRIP = NO;
				DEBUG_INFORMATION_FORMAT = dwarf;
				ENABLE_STRICT_OBJC_MSGSEND = YES;
				ENABLE_TESTABILITY = YES;
				GCC_C_LANGUAGE_STANDARD = gnu11;
				GCC_DYNAMIC_NO_PIC = NO;
				GCC_NO_COMMON_BLOCKS = YES;
				GCC_OPTIMIZATION_LEVEL = 0;
				GCC_PREPROCESSOR_DEFINITIONS = (
					"DEBUG=1",
					"$(inherited)",
				);
				GCC_WARN_64_TO_32_BIT_CONVERSION = YES;
				GCC_WARN_ABOUT_RETURN_TYPE = YES_ERROR;
				GCC_WARN_UNDECLARED_SELECTOR = YES;
				GCC_WARN_UNINITIALIZED_AUTOS = YES_AGGRESSIVE;
				GCC_WARN_UNUSED_FUNCTION = YES;
				GCC_WARN_UNUSED_VARIABLE = YES;
				MACOSX_DEPLOYMENT_TARGET = 10.14;
				MTL_ENABLE_DEBUG_INFO = INCLUDE_SOURCE;
				MTL_FAST_MATH = YES;
				ONLY_ACTIVE_ARCH = YES;
				SDKROOT = macosx;
			};
			name = Debug;
		};
		BF104B10233318E200ED04DB /* Release */ = {
			isa = XCBuildConfiguration;
			buildSettings = {
				ALWAYS_SEARCH_USER_PATHS = NO;
				CLANG_ANALYZER_NONNULL = YES;
				CLANG_ANALYZER_NUMBER_OBJECT_CONVERSION = YES_AGGRESSIVE;
				CLANG_CXX_LANGUAGE_STANDARD = "gnu++14";
				CLANG_CXX_LIBRARY = "libc++";
				CLANG_ENABLE_MODULES = YES;
				CLANG_ENABLE_OBJC_ARC = YES;
				CLANG_ENABLE_OBJC_WEAK = YES;
				CLANG_WARN_BLOCK_CAPTURE_AUTORELEASING = YES;
				CLANG_WARN_BOOL_CONVERSION = YES;
				CLANG_WARN_COMMA = YES;
				CLANG_WARN_CONSTANT_CONVERSION = YES;
				CLANG_WARN_DEPRECATED_OBJC_IMPLEMENTATIONS = YES;
				CLANG_WARN_DIRECT_OBJC_ISA_USAGE = YES_ERROR;
				CLANG_WARN_DOCUMENTATION_COMMENTS = YES;
				CLANG_WARN_EMPTY_BODY = YES;
				CLANG_WARN_ENUM_CONVERSION = YES;
				CLANG_WARN_INFINITE_RECURSION = YES;
				CLANG_WARN_INT_CONVERSION = YES;
				CLANG_WARN_NON_LITERAL_NULL_CONVERSION = YES;
				CLANG_WARN_OBJC_IMPLICIT_RETAIN_SELF = YES;
				CLANG_WARN_OBJC_LITERAL_CONVERSION = YES;
				CLANG_WARN_OBJC_ROOT_CLASS = YES_ERROR;
				CLANG_WARN_RANGE_LOOP_ANALYSIS = YES;
				CLANG_WARN_STRICT_PROTOTYPES = YES;
				CLANG_WARN_SUSPICIOUS_MOVE = YES;
				CLANG_WARN_UNGUARDED_AVAILABILITY = YES_AGGRESSIVE;
				CLANG_WARN_UNREACHABLE_CODE = YES;
				CLANG_WARN__DUPLICATE_METHOD_MATCH = YES;
				CODE_SIGN_IDENTITY = "-";
				COPY_PHASE_STRIP = NO;
				DEBUG_INFORMATION_FORMAT = "dwarf-with-dsym";
				ENABLE_NS_ASSERTIONS = NO;
				ENABLE_STRICT_OBJC_MSGSEND = YES;
				GCC_C_LANGUAGE_STANDARD = gnu11;
				GCC_NO_COMMON_BLOCKS = YES;
				GCC_WARN_64_TO_32_BIT_CONVERSION = YES;
				GCC_WARN_ABOUT_RETURN_TYPE = YES_ERROR;
				GCC_WARN_UNDECLARED_SELECTOR = YES;
				GCC_WARN_UNINITIALIZED_AUTOS = YES_AGGRESSIVE;
				GCC_WARN_UNUSED_FUNCTION = YES;
				GCC_WARN_UNUSED_VARIABLE = YES;
				MACOSX_DEPLOYMENT_TARGET = 10.14;
				MTL_ENABLE_DEBUG_INFO = NO;
				MTL_FAST_MATH = YES;
				SDKROOT = macosx;
			};
			name = Release;
		};
		BF104B12233318E200ED04DB /* Debug */ = {
			isa = XCBuildConfiguration;
			buildSettings = {
				CODE_SIGN_STYLE = Automatic;
				PRODUCT_NAME = "$(TARGET_NAME)";
			};
			name = Debug;
		};
		BF104B13233318E200ED04DB /* Release */ = {
			isa = XCBuildConfiguration;
			buildSettings = {
				CODE_SIGN_STYLE = Automatic;
				PRODUCT_NAME = "$(TARGET_NAME)";
			};
			name = Release;
		};
/* End XCBuildConfiguration section */

/* Begin XCConfigurationList section */
		BF104B05233318E200ED04DB /* Build configuration list for PBXProject "Stocks" */ = {
			isa = XCConfigurationList;
			buildConfigurations = (
				BF104B0F233318E200ED04DB /* Debug */,
				BF104B10233318E200ED04DB /* Release */,
			);
			defaultConfigurationIsVisible = 0;
			defaultConfigurationName = Release;
		};
		BF104B11233318E200ED04DB /* Build configuration list for PBXNativeTarget "Stocks" */ = {
			isa = XCConfigurationList;
			buildConfigurations = (
				BF104B12233318E200ED04DB /* Debug */,
				BF104B13233318E200ED04DB /* Release */,
			);
			defaultConfigurationIsVisible = 0;
			defaultConfigurationName = Release;
		};
/* End XCConfigurationList section */
	};
	rootObject = BF104B02233318E200ED04DB /* Project object */;
}
